
Microsoft Visual Studio Solution File, Format Version 12.00
# Visual Studio Version 16
VisualStudioVersion = 16.0.29519.181
MinimumVisualStudioVersion = 10.0.40219.1
Project("{FAE04EC0-301F-11D3-BF4B-00C04F79EFBC}") = "StudentExerciseAPI", "StudentExerciseAPI\StudentExerciseAPI.csproj", "{DC7B10D2-9868-479B-A065-FE967CF1517A}"
EndProject
Global
	GlobalSection(SolutionConfigurationPlatforms) = preSolution
		Debug|Any CPU = Debug|Any CPU
		Release|Any CPU = Release|Any CPU
	EndGlobalSection
	GlobalSection(ProjectConfigurationPlatforms) = postSolution
		{DC7B10D2-9868-479B-A065-FE967CF1517A}.Debug|Any CPU.ActiveCfg = Debug|Any CPU
		{DC7B10D2-9868-479B-A065-FE967CF1517A}.Debug|Any CPU.Build.0 = Debug|Any CPU
		{DC7B10D2-9868-479B-A065-FE967CF1517A}.Release|Any CPU.ActiveCfg = Release|Any CPU
		{DC7B10D2-9868-479B-A065-FE967CF1517A}.Release|Any CPU.Build.0 = Release|Any CPU
	EndGlobalSection
	GlobalSection(SolutionProperties) = preSolution
		HideSolutionNode = FALSE
	EndGlobalSection
	GlobalSection(ExtensibilityGlobals) = postSolution
		SolutionGuid = {BFF81D8C-5318-4053-96D6-01D77DA07F71}
	EndGlobalSection
EndGlobal
